
Microsoft Visual Studio Solution File, Format Version 12.00
# Visual Studio Version 17
VisualStudioVersion = 17.2.32526.322
MinimumVisualStudioVersion = 10.0.40219.1
Project("{FAE04EC0-301F-11D3-BF4B-00C04F79EFBC}") = "WPF_SR11", "WPF_SR11\WPF_SR11.csproj", "{44A571B8-D341-4C90-B3A9-3975BDF4A22E}"
EndProject
Project("{FAE04EC0-301F-11D3-BF4B-00C04F79EFBC}") = "WPF_SR11_2", "WPF_SR11_2\WPF_SR11_2.csproj", "{7B3645CC-A693-4A5B-A580-2D59CC0F86A2}"
EndProject
Global
	GlobalSection(SolutionConfigurationPlatforms) = preSolution
		Debug|Any CPU = Debug|Any CPU
		Release|Any CPU = Release|Any CPU
	EndGlobalSection
	GlobalSection(ProjectConfigurationPlatforms) = postSolution
		{44A571B8-D341-4C90-B3A9-3975BDF4A22E}.Debug|Any CPU.ActiveCfg = Debug|Any CPU
		{44A571B8-D341-4C90-B3A9-3975BDF4A22E}.Debug|Any CPU.Build.0 = Debug|Any CPU
		{44A571B8-D341-4C90-B3A9-3975BDF4A22E}.Release|Any CPU.ActiveCfg = Release|Any CPU
		{44A571B8-D341-4C90-B3A9-3975BDF4A22E}.Release|Any CPU.Build.0 = Release|Any CPU
		{7B3645CC-A693-4A5B-A580-2D59CC0F86A2}.Debug|Any CPU.ActiveCfg = Debug|Any CPU
		{7B3645CC-A693-4A5B-A580-2D59CC0F86A2}.Debug|Any CPU.Build.0 = Debug|Any CPU
		{7B3645CC-A693-4A5B-A580-2D59CC0F86A2}.Release|Any CPU.ActiveCfg = Release|Any CPU
		{7B3645CC-A693-4A5B-A580-2D59CC0F86A2}.Release|Any CPU.Build.0 = Release|Any CPU
	EndGlobalSection
	GlobalSection(SolutionProperties) = preSolution
		HideSolutionNode = FALSE
	EndGlobalSection
	GlobalSection(ExtensibilityGlobals) = postSolution
		SolutionGuid = {6C195442-6F82-4072-B677-13572EDB2874}
	EndGlobalSection
EndGlobal
